
Microsoft Visual Studio Solution File, Format Version 12.00
# Visual Studio Version 16
VisualStudioVersion = 16.0.30611.23
MinimumVisualStudioVersion = 10.0.40219.1
Project("{FAE04EC0-301F-11D3-BF4B-00C04F79EFBC}") = "Typing", "Typing\Typing.csproj", "{284373E2-B9A8-45D5-BCBD-772AF624D230}"
EndProject
Global
	GlobalSection(SolutionConfigurationPlatforms) = preSolution
		Debug|Any CPU = Debug|Any CPU
		Release|Any CPU = Release|Any CPU
	EndGlobalSection
	GlobalSection(ProjectConfigurationPlatforms) = postSolution
		{284373E2-B9A8-45D5-BCBD-772AF624D230}.Debug|Any CPU.ActiveCfg = Debug|Any CPU
		{284373E2-B9A8-45D5-BCBD-772AF624D230}.Debug|Any CPU.Build.0 = Debug|Any CPU
		{284373E2-B9A8-45D5-BCBD-772AF624D230}.Release|Any CPU.ActiveCfg = Release|Any CPU
		{284373E2-B9A8-45D5-BCBD-772AF624D230}.Release|Any CPU.Build.0 = Release|Any CPU
	EndGlobalSection
	GlobalSection(SolutionProperties) = preSolution
		HideSolutionNode = FALSE
	EndGlobalSection
	GlobalSection(ExtensibilityGlobals) = postSolution
		SolutionGuid = {65B3961A-0CB6-44F3-AAF3-099256FA5A92}
	EndGlobalSection
EndGlobal
